
Microsoft Visual Studio Solution File, Format Version 12.00
# Visual Studio Version 16
VisualStudioVersion = 16.0.31911.196
MinimumVisualStudioVersion = 10.0.40219.1
Project("{9A19103F-16F7-4668-BE54-9A1E7A4F7556}") = "MovieTutorial", "MovieTutorial.Web.Web\MovieTutorial.csproj", "{1BEA336D-C9F2-4555-AEFC-1E59AE908730}"
EndProject
Global
	GlobalSection(SolutionConfigurationPlatforms) = preSolution
		Debug|Any CPU = Debug|Any CPU
		Release|Any CPU = Release|Any CPU
	EndGlobalSection
	GlobalSection(ProjectConfigurationPlatforms) = postSolution
		{1BEA336D-C9F2-4555-AEFC-1E59AE908730}.Debug|Any CPU.ActiveCfg = Debug|Any CPU
		{1BEA336D-C9F2-4555-AEFC-1E59AE908730}.Debug|Any CPU.Build.0 = Debug|Any CPU
		{1BEA336D-C9F2-4555-AEFC-1E59AE908730}.Release|Any CPU.ActiveCfg = Release|Any CPU
		{1BEA336D-C9F2-4555-AEFC-1E59AE908730}.Release|Any CPU.Build.0 = Release|Any CPU
	EndGlobalSection
	GlobalSection(SolutionProperties) = preSolution
		HideSolutionNode = FALSE
	EndGlobalSection
	GlobalSection(ExtensibilityGlobals) = postSolution
		SolutionGuid = {B8975D1B-4442-4840-8659-C76EA95F7BEE}
	EndGlobalSection
EndGlobal
